// !$*UTF8*$!
{
	archiveVersion = 1;
	classes = {
	};
	objectVersion = 50;
	objects = {

/* Begin PBXBuildFile section */
		F63533BE239B9C3600498904 /* DownloadState.swift in Sources */ = {isa = PBXBuildFile; fileRef = F63533BD239B9C3600498904 /* DownloadState.swift */; };
		F63533C0239B9D0900498904 /* DownloadDelegate.swift in Sources */ = {isa = PBXBuildFile; fileRef = F63533BF239B9D0900498904 /* DownloadDelegate.swift */; };
		F63533C2239B9D6600498904 /* DownloadRequest.swift in Sources */ = {isa = PBXBuildFile; fileRef = F63533C1239B9D6600498904 /* DownloadRequest.swift */; };
		F63533C4239B9DF000498904 /* DownloadManager.swift in Sources */ = {isa = PBXBuildFile; fileRef = F63533C3239B9DF000498904 /* DownloadManager.swift */; };
		F63533C6239B9E1D00498904 /* DownloadFileUtils.swift in Sources */ = {isa = PBXBuildFile; fileRef = F63533C5239B9E1D00498904 /* DownloadFileUtils.swift */; };
		F6C2573123973A5E00E8DE77 /* AppDelegate.swift in Sources */ = {isa = PBXBuildFile; fileRef = F6C2573023973A5E00E8DE77 /* AppDelegate.swift */; };
		F6C2573323973A5E00E8DE77 /* SceneDelegate.swift in Sources */ = {isa = PBXBuildFile; fileRef = F6C2573223973A5E00E8DE77 /* SceneDelegate.swift */; };
		F6C2573523973A5E00E8DE77 /* ViewController.swift in Sources */ = {isa = PBXBuildFile; fileRef = F6C2573423973A5E00E8DE77 /* ViewController.swift */; };
		F6C2573823973A5E00E8DE77 /* Main.storyboard in Resources */ = {isa = PBXBuildFile; fileRef = F6C2573623973A5E00E8DE77 /* Main.storyboard */; };
		F6C2573A23973A6000E8DE77 /* Assets.xcassets in Resources */ = {isa = PBXBuildFile; fileRef = F6C2573923973A6000E8DE77 /* Assets.xcassets */; };
		F6C2573D23973A6000E8DE77 /* LaunchScreen.storyboard in Resources */ = {isa = PBXBuildFile; fileRef = F6C2573B23973A6000E8DE77 /* LaunchScreen.storyboard */; };
		F6C2574823973A6000E8DE77 /* DownloadDemoTests.swift in Sources */ = {isa = PBXBuildFile; fileRef = F6C2574723973A6000E8DE77 /* DownloadDemoTests.swift */; };
		F6C2575323973A6000E8DE77 /* DownloadDemoUITests.swift in Sources */ = {isa = PBXBuildFile; fileRef = F6C2575223973A6000E8DE77 /* DownloadDemoUITests.swift */; };
/* End PBXBuildFile section */

/* Begin PBXContainerItemProxy section */
		F6C2574423973A6000E8DE77 /* PBXContainerItemProxy */ = {
			isa = PBXContainerItemProxy;
			containerPortal = F6C2572523973A5E00E8DE77 /* Project object */;
			proxyType = 1;
			remoteGlobalIDString = F6C2572C23973A5E00E8DE77;
			remoteInfo = DownloadDemo;
		};
		F6C2574F23973A6000E8DE77 /* PBXContainerItemProxy */ = {
			isa = PBXContainerItemProxy;
			containerPortal = F6C2572523973A5E00E8DE77 /* Project object */;
			proxyType = 1;
			remoteGlobalIDString = F6C2572C23973A5E00E8DE77;
			remoteInfo = DownloadDemo;
		};
/* End PBXContainerItemProxy section */

/* Begin PBXFileReference section */
		F63533BD239B9C3600498904 /* DownloadState.swift */ = {isa = PBXFileReference; lastKnownFileType = sourcecode.swift; path = DownloadState.swift; sourceTree = "<group>"; };
		F63533BF239B9D0900498904 /* DownloadDelegate.swift */ = {isa = PBXFileReference; lastKnownFileType = sourcecode.swift; path = DownloadDelegate.swift; sourceTree = "<group>"; };
		F63533C1239B9D6600498904 /* DownloadRequest.swift */ = {isa = PBXFileReference; lastKnownFileType = sourcecode.swift; path = DownloadRequest.swift; sourceTree = "<group>"; };
		F63533C3239B9DF000498904 /* DownloadManager.swift */ = {isa = PBXFileReference; lastKnownFileType = sourcecode.swift; path = DownloadManager.swift; sourceTree = "<group>"; };
		F63533C5239B9E1D00498904 /* DownloadFileUtils.swift */ = {isa = PBXFileReference; lastKnownFileType = sourcecode.swift; path = DownloadFileUtils.swift; sourceTree = "<group>"; };
		F6C2572D23973A5E00E8DE77 /* DownloadDemo.app */ = {isa = PBXFileReference; explicitFileType = wrapper.application; includeInIndex = 0; path = DownloadDemo.app; sourceTree = BUILT_PRODUCTS_DIR; };
		F6C2573023973A5E00E8DE77 /* AppDelegate.swift */ = {isa = PBXFileReference; lastKnownFileType = sourcecode.swift; path = AppDelegate.swift; sourceTree = "<group>"; };
		F6C2573223973A5E00E8DE77 /* SceneDelegate.swift */ = {isa = PBXFileReference; lastKnownFileType = sourcecode.swift; path = SceneDelegate.swift; sourceTree = "<group>"; };
		F6C2573423973A5E00E8DE77 /* ViewController.swift */ = {isa = PBXFileReference; lastKnownFileType = sourcecode.swift; path = ViewController.swift; sourceTree = "<group>"; };
		F6C2573723973A5E00E8DE77 /* Base */ = {isa = PBXFileReference; lastKnownFileType = file.storyboard; name = Base; path = Base.lproj/Main.storyboard; sourceTree = "<group>"; };
		F6C2573923973A6000E8DE77 /* Assets.xcassets */ = {isa = PBXFileReference; lastKnownFileType = folder.assetcatalog; path = Assets.xcassets; sourceTree = "<group>"; };
		F6C2573C23973A6000E8DE77 /* Base */ = {isa = PBXFileReference; lastKnownFileType = file.storyboard; name = Base; path = Base.lproj/LaunchScreen.storyboard; sourceTree = "<group>"; };
		F6C2573E23973A6000E8DE77 /* Info.plist */ = {isa = PBXFileReference; lastKnownFileType = text.plist.xml; path = Info.plist; sourceTree = "<group>"; };
		F6C2574323973A6000E8DE77 /* DownloadDemoTests.xctest */ = {isa = PBXFileReference; explicitFileType = wrapper.cfbundle; includeInIndex = 0; path = DownloadDemoTests.xctest; sourceTree = BUILT_PRODUCTS_DIR; };
		F6C2574723973A6000E8DE77 /* DownloadDemoTests.swift */ = {isa = PBXFileReference; lastKnownFileType = sourcecode.swift; path = DownloadDemoTests.swift; sourceTree = "<group>"; };
		F6C2574923973A6000E8DE77 /* Info.plist */ = {isa = PBXFileReference; lastKnownFileType = text.plist.xml; path = Info.plist; sourceTree = "<group>"; };
		F6C2574E23973A6000E8DE77 /* DownloadDemoUITests.xctest */ = {isa = PBXFileReference; explicitFileType = wrapper.cfbundle; includeInIndex = 0; path = DownloadDemoUITests.xctest; sourceTree = BUILT_PRODUCTS_DIR; };
		F6C2575223973A6000E8DE77 /* DownloadDemoUITests.swift */ = {isa = PBXFileReference; lastKnownFileType = sourcecode.swift; path = DownloadDemoUITests.swift; sourceTree = "<group>"; };
		F6C2575423973A6000E8DE77 /* Info.plist */ = {isa = PBXFileReference; lastKnownFileType = text.plist.xml; path = Info.plist; sourceTree = "<group>"; };
/* End PBXFileReference section */

/* Begin PBXFrameworksBuildPhase section */
		F6C2572A23973A5E00E8DE77 /* Frameworks */ = {
			isa = PBXFrameworksBuildPhase;
			buildActionMask = 2147483647;
			files = (
			);
			runOnlyForDeploymentPostprocessing = 0;
		};
		F6C2574023973A6000E8DE77 /* Frameworks */ = {
			isa = PBXFrameworksBuildPhase;
			buildActionMask = 2147483647;
			files = (
			);
			runOnlyForDeploymentPostprocessing = 0;
		};
		F6C2574B23973A6000E8DE77 /* Frameworks */ = {
			isa = PBXFrameworksBuildPhase;
			buildActionMask = 2147483647;
			files = (
			);
			runOnlyForDeploymentPostprocessing = 0;
		};
/* End PBXFrameworksBuildPhase section */

/* Begin PBXGroup section */
		F6C2572423973A5E00E8DE77 = {
			isa = PBXGroup;
			children = (
				F6C2572F23973A5E00E8DE77 /* DownloadDemo */,
				F6C2574623973A6000E8DE77 /* DownloadDemoTests */,
				F6C2575123973A6000E8DE77 /* DownloadDemoUITests */,
				F6C2572E23973A5E00E8DE77 /* Products */,
			);
			sourceTree = "<group>";
		};
		F6C2572E23973A5E00E8DE77 /* Products */ = {
			isa = PBXGroup;
			children = (
				F6C2572D23973A5E00E8DE77 /* DownloadDemo.app */,
				F6C2574323973A6000E8DE77 /* DownloadDemoTests.xctest */,
				F6C2574E23973A6000E8DE77 /* DownloadDemoUITests.xctest */,
			);
			name = Products;
			sourceTree = "<group>";
		};
		F6C2572F23973A5E00E8DE77 /* DownloadDemo */ = {
			isa = PBXGroup;
			children = (
				F6C2576023973A8A00E8DE77 /* Download */,
				F6C2573023973A5E00E8DE77 /* AppDelegate.swift */,
				F6C2573223973A5E00E8DE77 /* SceneDelegate.swift */,
				F6C2573423973A5E00E8DE77 /* ViewController.swift */,
				F6C2573623973A5E00E8DE77 /* Main.storyboard */,
				F6C2573923973A6000E8DE77 /* Assets.xcassets */,
				F6C2573B23973A6000E8DE77 /* LaunchScreen.storyboard */,
				F6C2573E23973A6000E8DE77 /* Info.plist */,
			);
			path = DownloadDemo;
			sourceTree = "<group>";
		};
		F6C2574623973A6000E8DE77 /* DownloadDemoTests */ = {
			isa = PBXGroup;
			children = (
				F6C2574723973A6000E8DE77 /* DownloadDemoTests.swift */,
				F6C2574923973A6000E8DE77 /* Info.plist */,
			);
			path = DownloadDemoTests;
			sourceTree = "<group>";
		};
		F6C2575123973A6000E8DE77 /* DownloadDemoUITests */ = {
			isa = PBXGroup;
			children = (
				F6C2575223973A6000E8DE77 /* DownloadDemoUITests.swift */,
				F6C2575423973A6000E8DE77 /* Info.plist */,
			);
			path = DownloadDemoUITests;
			sourceTree = "<group>";
		};
		F6C2576023973A8A00E8DE77 /* Download */ = {
			isa = PBXGroup;
			children = (
				F63533BD239B9C3600498904 /* DownloadState.swift */,
				F63533BF239B9D0900498904 /* DownloadDelegate.swift */,
				F63533C1239B9D6600498904 /* DownloadRequest.swift */,
				F63533C3239B9DF000498904 /* DownloadManager.swift */,
				F63533C5239B9E1D00498904 /* DownloadFileUtils.swift */,
			);
			path = Download;
			sourceTree = "<group>";
		};
/* End PBXGroup section */

/* Begin PBXNativeTarget section */
		F6C2572C23973A5E00E8DE77 /* DownloadDemo */ = {
			isa = PBXNativeTarget;
			buildConfigurationList = F6C2575723973A6000E8DE77 /* Build configuration list for PBXNativeTarget "DownloadDemo" */;
			buildPhases = (
				F6C2572923973A5E00E8DE77 /* Sources */,
				F6C2572A23973A5E00E8DE77 /* Frameworks */,
				F6C2572B23973A5E00E8DE77 /* Resources */,
			);
			buildRules = (
			);
			dependencies = (
			);
			name = DownloadDemo;
			productName = DownloadDemo;
			productReference = F6C2572D23973A5E00E8DE77 /* DownloadDemo.app */;
			productType = "com.apple.product-type.application";
		};
		F6C2574223973A6000E8DE77 /* DownloadDemoTests */ = {
			isa = PBXNativeTarget;
			buildConfigurationList = F6C2575A23973A6000E8DE77 /* Build configuration list for PBXNativeTarget "DownloadDemoTests" */;
			buildPhases = (
				F6C2573F23973A6000E8DE77 /* Sources */,
				F6C2574023973A6000E8DE77 /* Frameworks */,
				F6C2574123973A6000E8DE77 /* Resources */,
			);
			buildRules = (
			);
			dependencies = (
				F6C2574523973A6000E8DE77 /* PBXTargetDependency */,
			);
			name = DownloadDemoTests;
			productName = DownloadDemoTests;
			productReference = F6C2574323973A6000E8DE77 /* DownloadDemoTests.xctest */;
			productType = "com.apple.product-type.bundle.unit-test";
		};
		F6C2574D23973A6000E8DE77 /* DownloadDemoUITests */ = {
			isa = PBXNativeTarget;
			buildConfigurationList = F6C2575D23973A6000E8DE77 /* Build configuration list for PBXNativeTarget "DownloadDemoUITests" */;
			buildPhases = (
				F6C2574A23973A6000E8DE77 /* Sources */,
				F6C2574B23973A6000E8DE77 /* Frameworks */,
				F6C2574C23973A6000E8DE77 /* Resources */,
			);
			buildRules = (
			);
			dependencies = (
				F6C2575023973A6000E8DE77 /* PBXTargetDependency */,
			);
			name = DownloadDemoUITests;
			productName = DownloadDemoUITests;
			productReference = F6C2574E23973A6000E8DE77 /* DownloadDemoUITests.xctest */;
			productType = "com.apple.product-type.bundle.ui-testing";
		};
/* End PBXNativeTarget section */

/* Begin PBXProject section */
		F6C2572523973A5E00E8DE77 /* Project object */ = {
			isa = PBXProject;
			attributes = {
				LastSwiftUpdateCheck = 1120;
				LastUpgradeCheck = 1120;
				ORGANIZATIONNAME = "朴子hp";
				TargetAttributes = {
					F6C2572C23973A5E00E8DE77 = {
						CreatedOnToolsVersion = 11.2.1;
					};
					F6C2574223973A6000E8DE77 = {
						CreatedOnToolsVersion = 11.2.1;
						TestTargetID = F6C2572C23973A5E00E8DE77;
					};
					F6C2574D23973A6000E8DE77 = {
						CreatedOnToolsVersion = 11.2.1;
						TestTargetID = F6C2572C23973A5E00E8DE77;
					};
				};
			};
			buildConfigurationList = F6C2572823973A5E00E8DE77 /* Build configuration list for PBXProject "DownloadDemo" */;
			compatibilityVersion = "Xcode 9.3";
			developmentRegion = en;
			hasScannedForEncodings = 0;
			knownRegions = (
				en,
				Base,
			);
			mainGroup = F6C2572423973A5E00E8DE77;
			productRefGroup = F6C2572E23973A5E00E8DE77 /* Products */;
			projectDirPath = "";
			projectRoot = "";
			targets = (
				F6C2572C23973A5E00E8DE77 /* DownloadDemo */,
				F6C2574223973A6000E8DE77 /* DownloadDemoTests */,
				F6C2574D23973A6000E8DE77 /* DownloadDemoUITests */,
			);
		};
/* End PBXProject section */

/* Begin PBXResourcesBuildPhase section */
		F6C2572B23973A5E00E8DE77 /* Resources */ = {
			isa = PBXResourcesBuildPhase;
			buildActionMask = 2147483647;
			files = (
				F6C2573D23973A6000E8DE77 /* LaunchScreen.storyboard in Resources */,
				F6C2573A23973A6000E8DE77 /* Assets.xcassets in Resources */,
				F6C2573823973A5E00E8DE77 /* Main.storyboard in Resources */,
			);
			runOnlyForDeploymentPostprocessing = 0;
		};
		F6C2574123973A6000E8DE77 /* Resources */ = {
			isa = PBXResourcesBuildPhase;
			buildActionMask = 2147483647;
			files = (
			);
			runOnlyForDeploymentPostprocessing = 0;
		};
		F6C2574C23973A6000E8DE77 /* Resources */ = {
			isa = PBXResourcesBuildPhase;
			buildActionMask = 2147483647;
			files = (
			);
			runOnlyForDeploymentPostprocessing = 0;
		};
/* End PBXResourcesBuildPhase section */

/* Begin PBXSourcesBuildPhase section */
		F6C2572923973A5E00E8DE77 /* Sources */ = {
			isa = PBXSourcesBuildPhase;
			buildActionMask = 2147483647;
			files = (
				F63533C0239B9D0900498904 /* DownloadDelegate.swift in Sources */,
				F63533C4239B9DF000498904 /* DownloadManager.swift in Sources */,
				F6C2573523973A5E00E8DE77 /* ViewController.swift in Sources */,
				F63533C2239B9D6600498904 /* DownloadRequest.swift in Sources */,
				F63533C6239B9E1D00498904 /* DownloadFileUtils.swift in Sources */,
				F63533BE239B9C3600498904 /* DownloadState.swift in Sources */,
				F6C2573123973A5E00E8DE77 /* AppDelegate.swift in Sources */,
				F6C2573323973A5E00E8DE77 /* SceneDelegate.swift in Sources */,
			);
			runOnlyForDeploymentPostprocessing = 0;
		};
		F6C2573F23973A6000E8DE77 /* Sources */ = {
			isa = PBXSourcesBuildPhase;
			buildActionMask = 2147483647;
			files = (
				F6C2574823973A6000E8DE77 /* DownloadDemoTests.swift in Sources */,
			);
			runOnlyForDeploymentPostprocessing = 0;
		};
		F6C2574A23973A6000E8DE77 /* Sources */ = {
			isa = PBXSourcesBuildPhase;
			buildActionMask = 2147483647;
			files = (
				F6C2575323973A6000E8DE77 /* DownloadDemoUITests.swift in Sources */,
			);
			runOnlyForDeploymentPostprocessing = 0;
		};
/* End PBXSourcesBuildPhase section */

/* Begin PBXTargetDependency section */
		F6C2574523973A6000E8DE77 /* PBXTargetDependency */ = {
			isa = PBXTargetDependency;
			target = F6C2572C23973A5E00E8DE77 /* DownloadDemo */;
			targetProxy = F6C2574423973A6000E8DE77 /* PBXContainerItemProxy */;
		};
		F6C2575023973A6000E8DE77 /* PBXTargetDependency */ = {
			isa = PBXTargetDependency;
			target = F6C2572C23973A5E00E8DE77 /* DownloadDemo */;
			targetProxy = F6C2574F23973A6000E8DE77 /* PBXContainerItemProxy */;
		};
/* End PBXTargetDependency section */

/* Begin PBXVariantGroup section */
		F6C2573623973A5E00E8DE77 /* Main.storyboard */ = {
			isa = PBXVariantGroup;
			children = (
				F6C2573723973A5E00E8DE77 /* Base */,
			);
			name = Main.storyboard;
			sourceTree = "<group>";
		};
		F6C2573B23973A6000E8DE77 /* LaunchScreen.storyboard */ = {
			isa = PBXVariantGroup;
			children = (
				F6C2573C23973A6000E8DE77 /* Base */,
			);
			name = LaunchScreen.storyboard;
			sourceTree = "<group>";
		};
/* End PBXVariantGroup section */

/* Begin XCBuildConfiguration section */
		F6C2575523973A6000E8DE77 /* Debug */ = {
			isa = XCBuildConfiguration;
			buildSettings = {
				ALWAYS_SEARCH_USER_PATHS = NO;
				CLANG_ANALYZER_NONNULL = YES;
				CLANG_ANALYZER_NUMBER_OBJECT_CONVERSION = YES_AGGRESSIVE;
				CLANG_CXX_LANGUAGE_STANDARD = "gnu++14";
				CLANG_CXX_LIBRARY = "libc++";
				CLANG_ENABLE_MODULES = YES;
				CLANG_ENABLE_OBJC_ARC = YES;
				CLANG_ENABLE_OBJC_WEAK = YES;
				CLANG_WARN_BLOCK_CAPTURE_AUTORELEASING = YES;
				CLANG_WARN_BOOL_CONVERSION = YES;
				CLANG_WARN_COMMA = YES;
				CLANG_WARN_CONSTANT_CONVERSION = YES;
				CLANG_WARN_DEPRECATED_OBJC_IMPLEMENTATIONS = YES;
				CLANG_WARN_DIRECT_OBJC_ISA_USAGE = YES_ERROR;
				CLANG_WARN_DOCUMENTATION_COMMENTS = YES;
				CLANG_WARN_EMPTY_BODY = YES;
				CLANG_WARN_ENUM_CONVERSION = YES;
				CLANG_WARN_INFINITE_RECURSION = YES;
				CLANG_WARN_INT_CONVERSION = YES;
				CLANG_WARN_NON_LITERAL_NULL_CONVERSION = YES;
				CLANG_WARN_OBJC_IMPLICIT_RETAIN_SELF = YES;
				CLANG_WARN_OBJC_LITERAL_CONVERSION = YES;
				CLANG_WARN_OBJC_ROOT_CLASS = YES_ERROR;
				CLANG_WARN_RANGE_LOOP_ANALYSIS = YES;
				CLANG_WARN_STRICT_PROTOTYPES = YES;
				CLANG_WARN_SUSPICIOUS_MOVE = YES;
				CLANG_WARN_UNGUARDED_AVAILABILITY = YES_AGGRESSIVE;
				CLANG_WARN_UNREACHABLE_CODE = YES;
				CLANG_WARN__DUPLICATE_METHOD_MATCH = YES;
				COPY_PHASE_STRIP = NO;
				DEBUG_INFORMATION_FORMAT = dwarf;
				ENABLE_STRICT_OBJC_MSGSEND = YES;
				ENABLE_TESTABILITY = YES;
				GCC_C_LANGUAGE_STANDARD = gnu11;
				GCC_DYNAMIC_NO_PIC = NO;
				GCC_NO_COMMON_BLOCKS = YES;
				GCC_OPTIMIZATION_LEVEL = 0;
				GCC_PREPROCESSOR_DEFINITIONS = (
					"DEBUG=1",
					"$(inherited)",
				);
				GCC_WARN_64_TO_32_BIT_CONVERSION = YES;
				GCC_WARN_ABOUT_RETURN_TYPE = YES_ERROR;
				GCC_WARN_UNDECLARED_SELECTOR = YES;
				GCC_WARN_UNINITIALIZED_AUTOS = YES_AGGRESSIVE;
				GCC_WARN_UNUSED_FUNCTION = YES;
				GCC_WARN_UNUSED_VARIABLE = YES;
				IPHONEOS_DEPLOYMENT_TARGET = 13.2;
				MTL_ENABLE_DEBUG_INFO = INCLUDE_SOURCE;
				MTL_FAST_MATH = YES;
				ONLY_ACTIVE_ARCH = YES;
				SDKROOT = iphoneos;
				SWIFT_ACTIVE_COMPILATION_CONDITIONS = DEBUG;
				SWIFT_OPTIMIZATION_LEVEL = "-Onone";
			};
			name = Debug;
		};
		F6C2575623973A6000E8DE77 /* Release */ = {
			isa = XCBuildConfiguration;
			buildSettings = {
				ALWAYS_SEARCH_USER_PATHS = NO;
				CLANG_ANALYZER_NONNULL = YES;
				CLANG_ANALYZER_NUMBER_OBJECT_CONVERSION = YES_AGGRESSIVE;
				CLANG_CXX_LANGUAGE_STANDARD = "gnu++14";
				CLANG_CXX_LIBRARY = "libc++";
				CLANG_ENABLE_MODULES = YES;
				CLANG_ENABLE_OBJC_ARC = YES;
				CLANG_ENABLE_OBJC_WEAK = YES;
				CLANG_WARN_BLOCK_CAPTURE_AUTORELEASING = YES;
				CLANG_WARN_BOOL_CONVERSION = YES;
				CLANG_WARN_COMMA = YES;
				CLANG_WARN_CONSTANT_CONVERSION = YES;
				CLANG_WARN_DEPRECATED_OBJC_IMPLEMENTATIONS = YES;
				CLANG_WARN_DIRECT_OBJC_ISA_USAGE = YES_ERROR;
				CLANG_WARN_DOCUMENTATION_COMMENTS = YES;
				CLANG_WARN_EMPTY_BODY = YES;
				CLANG_WARN_ENUM_CONVERSION = YES;
				CLANG_WARN_INFINITE_RECURSION = YES;
				CLANG_WARN_INT_CONVERSION = YES;
				CLANG_WARN_NON_LITERAL_NULL_CONVERSION = YES;
				CLANG_WARN_OBJC_IMPLICIT_RETAIN_SELF = YES;
				CLANG_WARN_OBJC_LITERAL_CONVERSION = YES;
				CLANG_WARN_OBJC_ROOT_CLASS = YES_ERROR;
				CLANG_WARN_RANGE_LOOP_ANALYSIS = YES;
				CLANG_WARN_STRICT_PROTOTYPES = YES;
				CLANG_WARN_SUSPICIOUS_MOVE = YES;
				CLANG_WARN_UNGUARDED_AVAILABILITY = YES_AGGRESSIVE;
				CLANG_WARN_UNREACHABLE_CODE = YES;
				CLANG_WARN__DUPLICATE_METHOD_MATCH = YES;
				COPY_PHASE_STRIP = NO;
				DEBUG_INFORMATION_FORMAT = "dwarf-with-dsym";
				ENABLE_NS_ASSERTIONS = NO;
				ENABLE_STRICT_OBJC_MSGSEND = YES;
				GCC_C_LANGUAGE_STANDARD = gnu11;
				GCC_NO_COMMON_BLOCKS = YES;
				GCC_WARN_64_TO_32_BIT_CONVERSION = YES;
				GCC_WARN_ABOUT_RETURN_TYPE = YES_ERROR;
				GCC_WARN_UNDECLARED_SELECTOR = YES;
				GCC_WARN_UNINITIALIZED_AUTOS = YES_AGGRESSIVE;
				GCC_WARN_UNUSED_FUNCTION = YES;
				GCC_WARN_UNUSED_VARIABLE = YES;
				IPHONEOS_DEPLOYMENT_TARGET = 13.2;
				MTL_ENABLE_DEBUG_INFO = NO;
				MTL_FAST_MATH = YES;
				SDKROOT = iphoneos;
				SWIFT_COMPILATION_MODE = wholemodule;
				SWIFT_OPTIMIZATION_LEVEL = "-O";
				VALIDATE_PRODUCT = YES;
			};
			name = Release;
		};
		F6C2575823973A6000E8DE77 /* Debug */ = {
			isa = XCBuildConfiguration;
			buildSettings = {
				ASSETCATALOG_COMPILER_APPICON_NAME = AppIcon;
				CODE_SIGN_STYLE = Automatic;
				DEVELOPMENT_TEAM = 4VN752HTB2;
				INFOPLIST_FILE = DownloadDemo/Info.plist;
				LD_RUNPATH_SEARCH_PATHS = (
					"$(inherited)",
					"@executable_path/Frameworks",
				);
				PRODUCT_BUNDLE_IDENTIFIER = com.hp.DownloadDemo;
				PRODUCT_NAME = "$(TARGET_NAME)";
				SWIFT_VERSION = 5.0;
				TARGETED_DEVICE_FAMILY = "1,2";
			};
			name = Debug;
		};
		F6C2575923973A6000E8DE77 /* Release */ = {
			isa = XCBuildConfiguration;
			buildSettings = {
				ASSETCATALOG_COMPILER_APPICON_NAME = AppIcon;
				CODE_SIGN_STYLE = Automatic;
				DEVELOPMENT_TEAM = 4VN752HTB2;
				INFOPLIST_FILE = DownloadDemo/Info.plist;
				LD_RUNPATH_SEARCH_PATHS = (
					"$(inherited)",
					"@executable_path/Frameworks",
				);
				PRODUCT_BUNDLE_IDENTIFIER = com.hp.DownloadDemo;
				PRODUCT_NAME = "$(TARGET_NAME)";
				SWIFT_VERSION = 5.0;
				TARGETED_DEVICE_FAMILY = "1,2";
			};
			name = Release;
		};
		F6C2575B23973A6000E8DE77 /* Debug */ = {
			isa = XCBuildConfiguration;
			buildSettings = {
				ALWAYS_EMBED_SWIFT_STANDARD_LIBRARIES = YES;
				BUNDLE_LOADER = "$(TEST_HOST)";
				CODE_SIGN_STYLE = Automatic;
				DEVELOPMENT_TEAM = 4VN752HTB2;
				INFOPLIST_FILE = DownloadDemoTests/Info.plist;
				IPHONEOS_DEPLOYMENT_TARGET = 13.2;
				LD_RUNPATH_SEARCH_PATHS = (
					"$(inherited)",
					"@executable_path/Frameworks",
					"@loader_path/Frameworks",
				);
				PRODUCT_BUNDLE_IDENTIFIER = com.hp.DownloadDemoTests;
				PRODUCT_NAME = "$(TARGET_NAME)";
				SWIFT_VERSION = 5.0;
				TARGETED_DEVICE_FAMILY = "1,2";
				TEST_HOST = "$(BUILT_PRODUCTS_DIR)/DownloadDemo.app/DownloadDemo";
			};
			name = Debug;
		};
		F6C2575C23973A6000E8DE77 /* Release */ = {
			isa = XCBuildConfiguration;
			buildSettings = {
				ALWAYS_EMBED_SWIFT_STANDARD_LIBRARIES = YES;
				BUNDLE_LOADER = "$(TEST_HOST)";
				CODE_SIGN_STYLE = Automatic;
				DEVELOPMENT_TEAM = 4VN752HTB2;
				INFOPLIST_FILE = DownloadDemoTests/Info.plist;
				IPHONEOS_DEPLOYMENT_TARGET = 13.2;
				LD_RUNPATH_SEARCH_PATHS = (
					"$(inherited)",
					"@executable_path/Frameworks",
					"@loader_path/Frameworks",
				);
				PRODUCT_BUNDLE_IDENTIFIER = com.hp.DownloadDemoTests;
				PRODUCT_NAME = "$(TARGET_NAME)";
				SWIFT_VERSION = 5.0;
				TARGETED_DEVICE_FAMILY = "1,2";
				TEST_HOST = "$(BUILT_PRODUCTS_DIR)/DownloadDemo.app/DownloadDemo";
			};
			name = Release;
		};
		F6C2575E23973A6000E8DE77 /* Debug */ = {
			isa = XCBuildConfiguration;
			buildSettings = {
				ALWAYS_EMBED_SWIFT_STANDARD_LIBRARIES = YES;
				CODE_SIGN_STYLE = Automatic;
				DEVELOPMENT_TEAM = 4VN752HTB2;
				INFOPLIST_FILE = DownloadDemoUITests/Info.plist;
				LD_RUNPATH_SEARCH_PATHS = (
					"$(inherited)",
					"@executable_path/Frameworks",
					"@loader_path/Frameworks",
				);
				PRODUCT_BUNDLE_IDENTIFIER = com.hp.DownloadDemoUITests;
				PRODUCT_NAME = "$(TARGET_NAME)";
				SWIFT_VERSION = 5.0;
				TARGETED_DEVICE_FAMILY = "1,2";
				TEST_TARGET_NAME = DownloadDemo;
			};
			name = Debug;
		};
		F6C2575F23973A6000E8DE77 /* Release */ = {
			isa = XCBuildConfiguration;
			buildSettings = {
				ALWAYS_EMBED_SWIFT_STANDARD_LIBRARIES = YES;
				CODE_SIGN_STYLE = Automatic;
				DEVELOPMENT_TEAM = 4VN752HTB2;
				INFOPLIST_FILE = DownloadDemoUITests/Info.plist;
				LD_RUNPATH_SEARCH_PATHS = (
					"$(inherited)",
					"@executable_path/Frameworks",
					"@loader_path/Frameworks",
				);
				PRODUCT_BUNDLE_IDENTIFIER = com.hp.DownloadDemoUITests;
				PRODUCT_NAME = "$(TARGET_NAME)";
				SWIFT_VERSION = 5.0;
				TARGETED_DEVICE_FAMILY = "1,2";
				TEST_TARGET_NAME = DownloadDemo;
			};
			name = Release;
		};
/* End XCBuildConfiguration section */

/* Begin XCConfigurationList section */
		F6C2572823973A5E00E8DE77 /* Build configuration list for PBXProject "DownloadDemo" */ = {
			isa = XCConfigurationList;
			buildConfigurations = (
				F6C2575523973A6000E8DE77 /* Debug */,
				F6C2575623973A6000E8DE77 /* Release */,
			);
			defaultConfigurationIsVisible = 0;
			defaultConfigurationName = Release;
		};
		F6C2575723973A6000E8DE77 /* Build configuration list for PBXNativeTarget "DownloadDemo" */ = {
			isa = XCConfigurationList;
			buildConfigurations = (
				F6C2575823973A6000E8DE77 /* Debug */,
				F6C2575923973A6000E8DE77 /* Release */,
			);
			defaultConfigurationIsVisible = 0;
			defaultConfigurationName = Release;
		};
		F6C2575A23973A6000E8DE77 /* Build configuration list for PBXNativeTarget "DownloadDemoTests" */ = {
			isa = XCConfigurationList;
			buildConfigurations = (
				F6C2575B23973A6000E8DE77 /* Debug */,
				F6C2575C23973A6000E8DE77 /* Release */,
			);
			defaultConfigurationIsVisible = 0;
			defaultConfigurationName = Release;
		};
		F6C2575D23973A6000E8DE77 /* Build configuration list for PBXNativeTarget "DownloadDemoUITests" */ = {
			isa = XCConfigurationList;
			buildConfigurations = (
				F6C2575E23973A6000E8DE77 /* Debug */,
				F6C2575F23973A6000E8DE77 /* Release */,
			);
			defaultConfigurationIsVisible = 0;
			defaultConfigurationName = Release;
		};
/* End XCConfigurationList section */
	};
	rootObject = F6C2572523973A5E00E8DE77 /* Project object */;
}
